{
  "name": "todolist",
  "version": "1.0.0",
  "lockfileVersion": 2,
  "requires": true,
  "packages": {
    "": {
      "name": "todolist",
      "version": "1.0.0",
      "license": "ISC",
      "dependencies": {
        "es-module-shims": "^0.1.15"
      },
      "devDependencies": {
        "typescript": "^4.4.3"
      }
    },
    "node_modules/es-module-shims": {
      "version": "0.1.15",
      "resolved": "https://registry.npmjs.org/es-module-shims/-/es-module-shims-0.1.15.tgz",
      "integrity": "sha512-hJN5Kb6MJPMwp9qiw/RSqQIdGu7ZwXRXa+uve+LwVI4TftBe4tGw3WyGbwTDlJbVDoP8snENsBVgw13U2rjHRA=="
    },
    "node_modules/typescript": {
      "version": "4.4.3",
      "resolved": "https://registry.npmjs.org/typescript/-/typescript-4.4.3.tgz",
      "integrity": "sha512-4xfscpisVgqqDfPaJo5vkd+Qd/ItkoagnHpufr+i2QCHBsNYp+G7UAoyFl8aPtx879u38wPV65rZ8qbGZijalA==",
      "dev": true,
      "bin": {
        "tsc": "bin/tsc",
        "tsserver": "bin/tsserver"
      },
      "engines": {
        "node": ">=4.2.0"
      }
    }
  },
  "dependencies": {
    "es-module-shims": {
      "version": "0.1.15",
      "resolved": "https://registry.npmjs.org/es-module-shims/-/es-module-shims-0.1.15.tgz",
      "integrity": "sha512-hJN5Kb6MJPMwp9qiw/RSqQIdGu7ZwXRXa+uve+LwVI4TftBe4tGw3WyGbwTDlJbVDoP8snENsBVgw13U2rjHRA=="
    },
    "typescript": {
      "version": "4.4.3",
      "resolved": "https://registry.npmjs.org/typescript/-/typescript-4.4.3.tgz",
      "integrity": "sha512-4xfscpisVgqqDfPaJo5vkd+Qd/ItkoagnHpufr+i2QCHBsNYp+G7UAoyFl8aPtx879u38wPV65rZ8qbGZijalA==",
      "dev": true
    }
  }
}
